// !$*UTF8*$!
{
	archiveVersion = 1;
	classes = {
	};
	objectVersion = 46;
	objects = {

/* Begin PBXBuildFile section */
		2615066219BC3AC900B55315 /* Foundation.framework in Frameworks */ = {isa = PBXBuildFile; fileRef = 2615066119BC3AC900B55315 /* Foundation.framework */; };
		2615066419BC3AC900B55315 /* CoreGraphics.framework in Frameworks */ = {isa = PBXBuildFile; fileRef = 2615066319BC3AC900B55315 /* CoreGraphics.framework */; };
		2615066619BC3AC900B55315 /* UIKit.framework in Frameworks */ = {isa = PBXBuildFile; fileRef = 2615066519BC3AC900B55315 /* UIKit.framework */; };
		2615066C19BC3AC900B55315 /* InfoPlist.strings in Resources */ = {isa = PBXBuildFile; fileRef = 2615066A19BC3AC900B55315 /* InfoPlist.strings */; };
		2615066E19BC3AC900B55315 /* main.m in Sources */ = {isa = PBXBuildFile; fileRef = 2615066D19BC3AC900B55315 /* main.m */; };
		2615067219BC3AC900B55315 /* AppDelegate.m in Sources */ = {isa = PBXBuildFile; fileRef = 2615067119BC3AC900B55315 /* AppDelegate.m */; };
		2615067519BC3AC900B55315 /* Main.storyboard in Resources */ = {isa = PBXBuildFile; fileRef = 2615067319BC3AC900B55315 /* Main.storyboard */; };
		2615067819BC3AC900B55315 /* ViewController.m in Sources */ = {isa = PBXBuildFile; fileRef = 2615067719BC3AC900B55315 /* ViewController.m */; };
		2615067A19BC3AC900B55315 /* Images.xcassets in Resources */ = {isa = PBXBuildFile; fileRef = 2615067919BC3AC900B55315 /* Images.xcassets */; };
		2615068119BC3ACA00B55315 /* XCTest.framework in Frameworks */ = {isa = PBXBuildFile; fileRef = 2615068019BC3ACA00B55315 /* XCTest.framework */; };
		2615068219BC3ACA00B55315 /* Foundation.framework in Frameworks */ = {isa = PBXBuildFile; fileRef = 2615066119BC3AC900B55315 /* Foundation.framework */; };
		2615068319BC3ACA00B55315 /* UIKit.framework in Frameworks */ = {isa = PBXBuildFile; fileRef = 2615066519BC3AC900B55315 /* UIKit.framework */; };
		2615068B19BC3ACA00B55315 /* InfoPlist.strings in Resources */ = {isa = PBXBuildFile; fileRef = 2615068919BC3ACA00B55315 /* InfoPlist.strings */; };
		2615068D19BC3ACA00B55315 /* TextFieldPckerTests.m in Sources */ = {isa = PBXBuildFile; fileRef = 2615068C19BC3ACA00B55315 /* TextFieldPckerTests.m */; };
/* End PBXBuildFile section */

/* Begin PBXContainerItemProxy section */
		2615068419BC3ACA00B55315 /* PBXContainerItemProxy */ = {
			isa = PBXContainerItemProxy;
			containerPortal = 2615065619BC3AC900B55315 /* Project object */;
			proxyType = 1;
			remoteGlobalIDString = 2615065D19BC3AC900B55315;
			remoteInfo = TextFieldPcker;
		};
/* End PBXContainerItemProxy section */

/* Begin PBXFileReference section */
		2615065E19BC3AC900B55315 /* TextFieldPcker.app */ = {isa = PBXFileReference; explicitFileType = wrapper.application; includeInIndex = 0; path = TextFieldPcker.app; sourceTree = BUILT_PRODUCTS_DIR; };
		2615066119BC3AC900B55315 /* Foundation.framework */ = {isa = PBXFileReference; lastKnownFileType = wrapper.framework; name = Foundation.framework; path = System/Library/Frameworks/Foundation.framework; sourceTree = SDKROOT; };
		2615066319BC3AC900B55315 /* CoreGraphics.framework */ = {isa = PBXFileReference; lastKnownFileType = wrapper.framework; name = CoreGraphics.framework; path = System/Library/Frameworks/CoreGraphics.framework; sourceTree = SDKROOT; };
		2615066519BC3AC900B55315 /* UIKit.framework */ = {isa = PBXFileReference; lastKnownFileType = wrapper.framework; name = UIKit.framework; path = System/Library/Frameworks/UIKit.framework; sourceTree = SDKROOT; };
		2615066919BC3AC900B55315 /* TextFieldPcker-Info.plist */ = {isa = PBXFileReference; lastKnownFileType = text.plist.xml; path = "TextFieldPcker-Info.plist"; sourceTree = "<group>"; };
		2615066B19BC3AC900B55315 /* en */ = {isa = PBXFileReference; lastKnownFileType = text.plist.strings; name = en; path = en.lproj/InfoPlist.strings; sourceTree = "<group>"; };
		2615066D19BC3AC900B55315 /* main.m */ = {isa = PBXFileReference; lastKnownFileType = sourcecode.c.objc; path = main.m; sourceTree = "<group>"; };
		2615066F19BC3AC900B55315 /* TextFieldPcker-Prefix.pch */ = {isa = PBXFileReference; lastKnownFileType = sourcecode.c.h; path = "TextFieldPcker-Prefix.pch"; sourceTree = "<group>"; };
		2615067019BC3AC900B55315 /* AppDelegate.h */ = {isa = PBXFileReference; lastKnownFileType = sourcecode.c.h; path = AppDelegate.h; sourceTree = "<group>"; };
		2615067119BC3AC900B55315 /* AppDelegate.m */ = {isa = PBXFileReference; lastKnownFileType = sourcecode.c.objc; path = AppDelegate.m; sourceTree = "<group>"; };
		2615067419BC3AC900B55315 /* Base */ = {isa = PBXFileReference; lastKnownFileType = file.storyboard; name = Base; path = Base.lproj/Main.storyboard; sourceTree = "<group>"; };
		2615067619BC3AC900B55315 /* ViewController.h */ = {isa = PBXFileReference; lastKnownFileType = sourcecode.c.h; path = ViewController.h; sourceTree = "<group>"; };
		2615067719BC3AC900B55315 /* ViewController.m */ = {isa = PBXFileReference; lastKnownFileType = sourcecode.c.objc; path = ViewController.m; sourceTree = "<group>"; };
		2615067919BC3AC900B55315 /* Images.xcassets */ = {isa = PBXFileReference; lastKnownFileType = folder.assetcatalog; path = Images.xcassets; sourceTree = "<group>"; };
		2615067F19BC3ACA00B55315 /* TextFieldPckerTests.xctest */ = {isa = PBXFileReference; explicitFileType = wrapper.cfbundle; includeInIndex = 0; path = TextFieldPckerTests.xctest; sourceTree = BUILT_PRODUCTS_DIR; };
		2615068019BC3ACA00B55315 /* XCTest.framework */ = {isa = PBXFileReference; lastKnownFileType = wrapper.framework; name = XCTest.framework; path = Library/Frameworks/XCTest.framework; sourceTree = DEVELOPER_DIR; };
		2615068819BC3ACA00B55315 /* TextFieldPckerTests-Info.plist */ = {isa = PBXFileReference; lastKnownFileType = text.plist.xml; path = "TextFieldPckerTests-Info.plist"; sourceTree = "<group>"; };
		2615068A19BC3ACA00B55315 /* en */ = {isa = PBXFileReference; lastKnownFileType = text.plist.strings; name = en; path = en.lproj/InfoPlist.strings; sourceTree = "<group>"; };
		2615068C19BC3ACA00B55315 /* TextFieldPckerTests.m */ = {isa = PBXFileReference; lastKnownFileType = sourcecode.c.objc; path = TextFieldPckerTests.m; sourceTree = "<group>"; };
/* End PBXFileReference section */

/* Begin PBXFrameworksBuildPhase section */
		2615065B19BC3AC900B55315 /* Frameworks */ = {
			isa = PBXFrameworksBuildPhase;
			buildActionMask = 2147483647;
			files = (
				2615066419BC3AC900B55315 /* CoreGraphics.framework in Frameworks */,
				2615066619BC3AC900B55315 /* UIKit.framework in Frameworks */,
				2615066219BC3AC900B55315 /* Foundation.framework in Frameworks */,
			);
			runOnlyForDeploymentPostprocessing = 0;
		};
		2615067C19BC3AC900B55315 /* Frameworks */ = {
			isa = PBXFrameworksBuildPhase;
			buildActionMask = 2147483647;
			files = (
				2615068119BC3ACA00B55315 /* XCTest.framework in Frameworks */,
				2615068319BC3ACA00B55315 /* UIKit.framework in Frameworks */,
				2615068219BC3ACA00B55315 /* Foundation.framework in Frameworks */,
			);
			runOnlyForDeploymentPostprocessing = 0;
		};
/* End PBXFrameworksBuildPhase section */

/* Begin PBXGroup section */
		2615065519BC3AC900B55315 = {
			isa = PBXGroup;
			children = (
				2615066719BC3AC900B55315 /* TextFieldPcker */,
				2615068619BC3ACA00B55315 /* TextFieldPckerTests */,
				2615066019BC3AC900B55315 /* Frameworks */,
				2615065F19BC3AC900B55315 /* Products */,
			);
			sourceTree = "<group>";
		};
		2615065F19BC3AC900B55315 /* Products */ = {
			isa = PBXGroup;
			children = (
				2615065E19BC3AC900B55315 /* TextFieldPcker.app */,
				2615067F19BC3ACA00B55315 /* TextFieldPckerTests.xctest */,
			);
			name = Products;
			sourceTree = "<group>";
		};
		2615066019BC3AC900B55315 /* Frameworks */ = {
			isa = PBXGroup;
			children = (
				2615066119BC3AC900B55315 /* Foundation.framework */,
				2615066319BC3AC900B55315 /* CoreGraphics.framework */,
				2615066519BC3AC900B55315 /* UIKit.framework */,
				2615068019BC3ACA00B55315 /* XCTest.framework */,
			);
			name = Frameworks;
			sourceTree = "<group>";
		};
		2615066719BC3AC900B55315 /* TextFieldPcker */ = {
			isa = PBXGroup;
			children = (
				2615067019BC3AC900B55315 /* AppDelegate.h */,
				2615067119BC3AC900B55315 /* AppDelegate.m */,
				2615067319BC3AC900B55315 /* Main.storyboard */,
				2615067619BC3AC900B55315 /* ViewController.h */,
				2615067719BC3AC900B55315 /* ViewController.m */,
				2615067919BC3AC900B55315 /* Images.xcassets */,
				2615066819BC3AC900B55315 /* Supporting Files */,
			);
			path = TextFieldPcker;
			sourceTree = "<group>";
		};
		2615066819BC3AC900B55315 /* Supporting Files */ = {
			isa = PBXGroup;
			children = (
				2615066919BC3AC900B55315 /* TextFieldPcker-Info.plist */,
				2615066A19BC3AC900B55315 /* InfoPlist.strings */,
				2615066D19BC3AC900B55315 /* main.m */,
				2615066F19BC3AC900B55315 /* TextFieldPcker-Prefix.pch */,
			);
			name = "Supporting Files";
			sourceTree = "<group>";
		};
		2615068619BC3ACA00B55315 /* TextFieldPckerTests */ = {
			isa = PBXGroup;
			children = (
				2615068C19BC3ACA00B55315 /* TextFieldPckerTests.m */,
				2615068719BC3ACA00B55315 /* Supporting Files */,
			);
			path = TextFieldPckerTests;
			sourceTree = "<group>";
		};
		2615068719BC3ACA00B55315 /* Supporting Files */ = {
			isa = PBXGroup;
			children = (
				2615068819BC3ACA00B55315 /* TextFieldPckerTests-Info.plist */,
				2615068919BC3ACA00B55315 /* InfoPlist.strings */,
			);
			name = "Supporting Files";
			sourceTree = "<group>";
		};
/* End PBXGroup section */

/* Begin PBXNativeTarget section */
		2615065D19BC3AC900B55315 /* TextFieldPcker */ = {
			isa = PBXNativeTarget;
			buildConfigurationList = 2615069019BC3ACA00B55315 /* Build configuration list for PBXNativeTarget "TextFieldPcker" */;
			buildPhases = (
				2615065A19BC3AC900B55315 /* Sources */,
				2615065B19BC3AC900B55315 /* Frameworks */,
				2615065C19BC3AC900B55315 /* Resources */,
			);
			buildRules = (
			);
			dependencies = (
			);
			name = TextFieldPcker;
			productName = TextFieldPcker;
			productReference = 2615065E19BC3AC900B55315 /* TextFieldPcker.app */;
			productType = "com.apple.product-type.application";
		};
		2615067E19BC3AC900B55315 /* TextFieldPckerTests */ = {
			isa = PBXNativeTarget;
			buildConfigurationList = 2615069319BC3ACA00B55315 /* Build configuration list for PBXNativeTarget "TextFieldPckerTests" */;
			buildPhases = (
				2615067B19BC3AC900B55315 /* Sources */,
				2615067C19BC3AC900B55315 /* Frameworks */,
				2615067D19BC3AC900B55315 /* Resources */,
			);
			buildRules = (
			);
			dependencies = (
				2615068519BC3ACA00B55315 /* PBXTargetDependency */,
			);
			name = TextFieldPckerTests;
			productName = TextFieldPckerTests;
			productReference = 2615067F19BC3ACA00B55315 /* TextFieldPckerTests.xctest */;
			productType = "com.apple.product-type.bundle.unit-test";
		};
/* End PBXNativeTarget section */

/* Begin PBXProject section */
		2615065619BC3AC900B55315 /* Project object */ = {
			isa = PBXProject;
			attributes = {
				LastUpgradeCheck = 0510;
				ORGANIZATIONNAME = "My Company";
				TargetAttributes = {
					2615067E19BC3AC900B55315 = {
						TestTargetID = 2615065D19BC3AC900B55315;
					};
				};
			};
			buildConfigurationList = 2615065919BC3AC900B55315 /* Build configuration list for PBXProject "TextFieldPcker" */;
			compatibilityVersion = "Xcode 3.2";
			developmentRegion = English;
			hasScannedForEncodings = 0;
			knownRegions = (
				en,
				Base,
			);
			mainGroup = 2615065519BC3AC900B55315;
			productRefGroup = 2615065F19BC3AC900B55315 /* Products */;
			projectDirPath = "";
			projectRoot = "";
			targets = (
				2615065D19BC3AC900B55315 /* TextFieldPcker */,
				2615067E19BC3AC900B55315 /* TextFieldPckerTests */,
			);
		};
/* End PBXProject section */

/* Begin PBXResourcesBuildPhase section */
		2615065C19BC3AC900B55315 /* Resources */ = {
			isa = PBXResourcesBuildPhase;
			buildActionMask = 2147483647;
			files = (
				2615067A19BC3AC900B55315 /* Images.xcassets in Resources */,
				2615066C19BC3AC900B55315 /* InfoPlist.strings in Resources */,
				2615067519BC3AC900B55315 /* Main.storyboard in Resources */,
			);
			runOnlyForDeploymentPostprocessing = 0;
		};
		2615067D19BC3AC900B55315 /* Resources */ = {
			isa = PBXResourcesBuildPhase;
			buildActionMask = 2147483647;
			files = (
				2615068B19BC3ACA00B55315 /* InfoPlist.strings in Resources */,
			);
			runOnlyForDeploymentPostprocessing = 0;
		};
/* End PBXResourcesBuildPhase section */

/* Begin PBXSourcesBuildPhase section */
		2615065A19BC3AC900B55315 /* Sources */ = {
			isa = PBXSourcesBuildPhase;
			buildActionMask = 2147483647;
			files = (
				2615067819BC3AC900B55315 /* ViewController.m in Sources */,
				2615067219BC3AC900B55315 /* AppDelegate.m in Sources */,
				2615066E19BC3AC900B55315 /* main.m in Sources */,
			);
			runOnlyForDeploymentPostprocessing = 0;
		};
		2615067B19BC3AC900B55315 /* Sources */ = {
			isa = PBXSourcesBuildPhase;
			buildActionMask = 2147483647;
			files = (
				2615068D19BC3ACA00B55315 /* TextFieldPckerTests.m in Sources */,
			);
			runOnlyForDeploymentPostprocessing = 0;
		};
/* End PBXSourcesBuildPhase section */

/* Begin PBXTargetDependency section */
		2615068519BC3ACA00B55315 /* PBXTargetDependency */ = {
			isa = PBXTargetDependency;
			target = 2615065D19BC3AC900B55315 /* TextFieldPcker */;
			targetProxy = 2615068419BC3ACA00B55315 /* PBXContainerItemProxy */;
		};
/* End PBXTargetDependency section */

/* Begin PBXVariantGroup section */
		2615066A19BC3AC900B55315 /* InfoPlist.strings */ = {
			isa = PBXVariantGroup;
			children = (
				2615066B19BC3AC900B55315 /* en */,
			);
			name = InfoPlist.strings;
			sourceTree = "<group>";
		};
		2615067319BC3AC900B55315 /* Main.storyboard */ = {
			isa = PBXVariantGroup;
			children = (
				2615067419BC3AC900B55315 /* Base */,
			);
			name = Main.storyboard;
			sourceTree = "<group>";
		};
		2615068919BC3ACA00B55315 /* InfoPlist.strings */ = {
			isa = PBXVariantGroup;
			children = (
				2615068A19BC3ACA00B55315 /* en */,
			);
			name = InfoPlist.strings;
			sourceTree = "<group>";
		};
/* End PBXVariantGroup section */

/* Begin XCBuildConfiguration section */
		2615068E19BC3ACA00B55315 /* Debug */ = {
			isa = XCBuildConfiguration;
			buildSettings = {
				ALWAYS_SEARCH_USER_PATHS = NO;
				CLANG_CXX_LANGUAGE_STANDARD = "gnu++0x";
				CLANG_CXX_LIBRARY = "libc++";
				CLANG_ENABLE_MODULES = YES;
				CLANG_ENABLE_OBJC_ARC = YES;
				CLANG_WARN_BOOL_CONVERSION = YES;
				CLANG_WARN_CONSTANT_CONVERSION = YES;
				CLANG_WARN_DIRECT_OBJC_ISA_USAGE = YES_ERROR;
				CLANG_WARN_EMPTY_BODY = YES;
				CLANG_WARN_ENUM_CONVERSION = YES;
				CLANG_WARN_INT_CONVERSION = YES;
				CLANG_WARN_OBJC_ROOT_CLASS = YES_ERROR;
				CLANG_WARN__DUPLICATE_METHOD_MATCH = YES;
				"CODE_SIGN_IDENTITY[sdk=iphoneos*]" = "iPhone Developer";
				COPY_PHASE_STRIP = NO;
				GCC_C_LANGUAGE_STANDARD = gnu99;
				GCC_DYNAMIC_NO_PIC = NO;
				GCC_OPTIMIZATION_LEVEL = 0;
				GCC_PREPROCESSOR_DEFINITIONS = (
					"DEBUG=1",
					"$(inherited)",
				);
				GCC_SYMBOLS_PRIVATE_EXTERN = NO;
				GCC_WARN_64_TO_32_BIT_CONVERSION = YES;
				GCC_WARN_ABOUT_RETURN_TYPE = YES_ERROR;
				GCC_WARN_UNDECLARED_SELECTOR = YES;
				GCC_WARN_UNINITIALIZED_AUTOS = YES_AGGRESSIVE;
				GCC_WARN_UNUSED_FUNCTION = YES;
				GCC_WARN_UNUSED_VARIABLE = YES;
				IPHONEOS_DEPLOYMENT_TARGET = 7.1;
				ONLY_ACTIVE_ARCH = YES;
				SDKROOT = iphoneos;
			};
			name = Debug;
		};
		2615068F19BC3ACA00B55315 /* Release */ = {
			isa = XCBuildConfiguration;
			buildSettings = {
				ALWAYS_SEARCH_USER_PATHS = NO;
				CLANG_CXX_LANGUAGE_STANDARD = "gnu++0x";
				CLANG_CXX_LIBRARY = "libc++";
				CLANG_ENABLE_MODULES = YES;
				CLANG_ENABLE_OBJC_ARC = YES;
				CLANG_WARN_BOOL_CONVERSION = YES;
				CLANG_WARN_CONSTANT_CONVERSION = YES;
				CLANG_WARN_DIRECT_OBJC_ISA_USAGE = YES_ERROR;
				CLANG_WARN_EMPTY_BODY = YES;
				CLANG_WARN_ENUM_CONVERSION = YES;
				CLANG_WARN_INT_CONVERSION = YES;
				CLANG_WARN_OBJC_ROOT_CLASS = YES_ERROR;
				CLANG_WARN__DUPLICATE_METHOD_MATCH = YES;
				"CODE_SIGN_IDENTITY[sdk=iphoneos*]" = "iPhone Developer";
				COPY_PHASE_STRIP = YES;
				ENABLE_NS_ASSERTIONS = NO;
				GCC_C_LANGUAGE_STANDARD = gnu99;
				GCC_WARN_64_TO_32_BIT_CONVERSION = YES;
				GCC_WARN_ABOUT_RETURN_TYPE = YES_ERROR;
				GCC_WARN_UNDECLARED_SELECTOR = YES;
				GCC_WARN_UNINITIALIZED_AUTOS = YES_AGGRESSIVE;
				GCC_WARN_UNUSED_FUNCTION = YES;
				GCC_WARN_UNUSED_VARIABLE = YES;
				IPHONEOS_DEPLOYMENT_TARGET = 7.1;
				SDKROOT = iphoneos;
				VALIDATE_PRODUCT = YES;
			};
			name = Release;
		};
		2615069119BC3ACA00B55315 /* Debug */ = {
			isa = XCBuildConfiguration;
			buildSettings = {
				ASSETCATALOG_COMPILER_APPICON_NAME = AppIcon;
				ASSETCATALOG_COMPILER_LAUNCHIMAGE_NAME = LaunchImage;
				GCC_PRECOMPILE_PREFIX_HEADER = YES;
				GCC_PREFIX_HEADER = "TextFieldPcker/TextFieldPcker-Prefix.pch";
				INFOPLIST_FILE = "TextFieldPcker/TextFieldPcker-Info.plist";
				PRODUCT_NAME = "$(TARGET_NAME)";
				WRAPPER_EXTENSION = app;
			};
			name = Debug;
		};
		2615069219BC3ACA00B55315 /* Release */ = {
			isa = XCBuildConfiguration;
			buildSettings = {
				ASSETCATALOG_COMPILER_APPICON_NAME = AppIcon;
				ASSETCATALOG_COMPILER_LAUNCHIMAGE_NAME = LaunchImage;
				GCC_PRECOMPILE_PREFIX_HEADER = YES;
				GCC_PREFIX_HEADER = "TextFieldPcker/TextFieldPcker-Prefix.pch";
				INFOPLIST_FILE = "TextFieldPcker/TextFieldPcker-Info.plist";
				PRODUCT_NAME = "$(TARGET_NAME)";
				WRAPPER_EXTENSION = app;
			};
			name = Release;
		};
		2615069419BC3ACA00B55315 /* Debug */ = {
			isa = XCBuildConfiguration;
			buildSettings = {
				BUNDLE_LOADER = "$(BUILT_PRODUCTS_DIR)/TextFieldPcker.app/TextFieldPcker";
				FRAMEWORK_SEARCH_PATHS = (
					"$(SDKROOT)/Developer/Library/Frameworks",
					"$(inherited)",
					"$(DEVELOPER_FRAMEWORKS_DIR)",
				);
				GCC_PRECOMPILE_PREFIX_HEADER = YES;
				GCC_PREFIX_HEADER = "TextFieldPcker/TextFieldPcker-Prefix.pch";
				GCC_PREPROCESSOR_DEFINITIONS = (
					"DEBUG=1",
					"$(inherited)",
				);
				INFOPLIST_FILE = "TextFieldPckerTests/TextFieldPckerTests-Info.plist";
				PRODUCT_NAME = "$(TARGET_NAME)";
				TEST_HOST = "$(BUNDLE_LOADER)";
				WRAPPER_EXTENSION = xctest;
			};
			name = Debug;
		};
		2615069519BC3ACA00B55315 /* Release */ = {
			isa = XCBuildConfiguration;
			buildSettings = {
				BUNDLE_LOADER = "$(BUILT_PRODUCTS_DIR)/TextFieldPcker.app/TextFieldPcker";
				FRAMEWORK_SEARCH_PATHS = (
					"$(SDKROOT)/Developer/Library/Frameworks",
					"$(inherited)",
					"$(DEVELOPER_FRAMEWORKS_DIR)",
				);
				GCC_PRECOMPILE_PREFIX_HEADER = YES;
				GCC_PREFIX_HEADER = "TextFieldPcker/TextFieldPcker-Prefix.pch";
				INFOPLIST_FILE = "TextFieldPckerTests/TextFieldPckerTests-Info.plist";
				PRODUCT_NAME = "$(TARGET_NAME)";
				TEST_HOST = "$(BUNDLE_LOADER)";
				WRAPPER_EXTENSION = xctest;
			};
			name = Release;
		};
/* End XCBuildConfiguration section */

/* Begin XCConfigurationList section */
		2615065919BC3AC900B55315 /* Build configuration list for PBXProject "TextFieldPcker" */ = {
			isa = XCConfigurationList;
			buildConfigurations = (
				2615068E19BC3ACA00B55315 /* Debug */,
				2615068F19BC3ACA00B55315 /* Release */,
			);
			defaultConfigurationIsVisible = 0;
			defaultConfigurationName = Release;
		};
		2615069019BC3ACA00B55315 /* Build configuration list for PBXNativeTarget "TextFieldPcker" */ = {
			isa = XCConfigurationList;
			buildConfigurations = (
				2615069119BC3ACA00B55315 /* Debug */,
				2615069219BC3ACA00B55315 /* Release */,
			);
			defaultConfigurationIsVisible = 0;
		};
		2615069319BC3ACA00B55315 /* Build configuration list for PBXNativeTarget "TextFieldPckerTests" */ = {
			isa = XCConfigurationList;
			buildConfigurations = (
				2615069419BC3ACA00B55315 /* Debug */,
				2615069519BC3ACA00B55315 /* Release */,
			);
			defaultConfigurationIsVisible = 0;
		};
/* End XCConfigurationList section */
	};
	rootObject = 2615065619BC3AC900B55315 /* Project object */;
}
